
Microsoft Visual Studio Solution File, Format Version 12.00
Project("{FAE04EC0-301F-11D3-BF4B-00C04F79EFBC}") = "NotifyHub.Gateway", "NotifyHub.Gateway\NotifyHub.Gateway.csproj", "{445E9693-2F7A-4E17-AE41-0734DCC4F45A}"
EndProject
Global
	GlobalSection(SolutionConfigurationPlatforms) = preSolution
		Debug|Any CPU = Debug|Any CPU
		Release|Any CPU = Release|Any CPU
	EndGlobalSection
	GlobalSection(ProjectConfigurationPlatforms) = postSolution
		{445E9693-2F7A-4E17-AE41-0734DCC4F45A}.Debug|Any CPU.ActiveCfg = Debug|Any CPU
		{445E9693-2F7A-4E17-AE41-0734DCC4F45A}.Debug|Any CPU.Build.0 = Debug|Any CPU
		{445E9693-2F7A-4E17-AE41-0734DCC4F45A}.Release|Any CPU.ActiveCfg = Release|Any CPU
		{445E9693-2F7A-4E17-AE41-0734DCC4F45A}.Release|Any CPU.Build.0 = Release|Any CPU
	EndGlobalSection
EndGlobal
